// !$*UTF8*$!
{
	archiveVersion = 1;
	classes = {
	};
	objectVersion = 46;
	objects = {

/* Begin PBXBuildFile section */
		24F4B8531C998A8500A3AF4D /* AppDelegate.swift in Sources */ = {isa = PBXBuildFile; fileRef = 24F4B8521C998A8500A3AF4D /* AppDelegate.swift */; };
		24F4B8551C998A8500A3AF4D /* ViewController.swift in Sources */ = {isa = PBXBuildFile; fileRef = 24F4B8541C998A8500A3AF4D /* ViewController.swift */; };
		24F4B8581C998A8500A3AF4D /* Main.storyboard in Resources */ = {isa = PBXBuildFile; fileRef = 24F4B8561C998A8500A3AF4D /* Main.storyboard */; };
		24F4B85A1C998A8500A3AF4D /* Assets.xcassets in Resources */ = {isa = PBXBuildFile; fileRef = 24F4B8591C998A8500A3AF4D /* Assets.xcassets */; };
		24F4B85D1C998A8500A3AF4D /* LaunchScreen.storyboard in Resources */ = {isa = PBXBuildFile; fileRef = 24F4B85B1C998A8500A3AF4D /* LaunchScreen.storyboard */; };
		24F4B8681C998A8500A3AF4D /* LoveFinderTests.swift in Sources */ = {isa = PBXBuildFile; fileRef = 24F4B8671C998A8500A3AF4D /* LoveFinderTests.swift */; };
		24F4B8731C998A8500A3AF4D /* LoveFinderUITests.swift in Sources */ = {isa = PBXBuildFile; fileRef = 24F4B8721C998A8500A3AF4D /* LoveFinderUITests.swift */; };
/* End PBXBuildFile section */

/* Begin PBXContainerItemProxy section */
		24F4B8641C998A8500A3AF4D /* PBXContainerItemProxy */ = {
			isa = PBXContainerItemProxy;
			containerPortal = 24F4B8471C998A8500A3AF4D /* Project object */;
			proxyType = 1;
			remoteGlobalIDString = 24F4B84E1C998A8500A3AF4D;
			remoteInfo = LoveFinder;
		};
		24F4B86F1C998A8500A3AF4D /* PBXContainerItemProxy */ = {
			isa = PBXContainerItemProxy;
			containerPortal = 24F4B8471C998A8500A3AF4D /* Project object */;
			proxyType = 1;
			remoteGlobalIDString = 24F4B84E1C998A8500A3AF4D;
			remoteInfo = LoveFinder;
		};
/* End PBXContainerItemProxy section */

/* Begin PBXFileReference section */
		248BE87D1C99996A0064592C /* playground.playground */ = {isa = PBXFileReference; lastKnownFileType = file.playground; path = playground.playground; sourceTree = "<group>"; };
		24F4B84F1C998A8500A3AF4D /* LoveFinder.app */ = {isa = PBXFileReference; explicitFileType = wrapper.application; includeInIndex = 0; path = LoveFinder.app; sourceTree = BUILT_PRODUCTS_DIR; };
		24F4B8521C998A8500A3AF4D /* AppDelegate.swift */ = {isa = PBXFileReference; lastKnownFileType = sourcecode.swift; path = AppDelegate.swift; sourceTree = "<group>"; };
		24F4B8541C998A8500A3AF4D /* ViewController.swift */ = {isa = PBXFileReference; lastKnownFileType = sourcecode.swift; path = ViewController.swift; sourceTree = "<group>"; };
		24F4B8571C998A8500A3AF4D /* Base */ = {isa = PBXFileReference; lastKnownFileType = file.storyboard; name = Base; path = Base.lproj/Main.storyboard; sourceTree = "<group>"; };
		24F4B8591C998A8500A3AF4D /* Assets.xcassets */ = {isa = PBXFileReference; lastKnownFileType = folder.assetcatalog; path = Assets.xcassets; sourceTree = "<group>"; };
		24F4B85C1C998A8500A3AF4D /* Base */ = {isa = PBXFileReference; lastKnownFileType = file.storyboard; name = Base; path = Base.lproj/LaunchScreen.storyboard; sourceTree = "<group>"; };
		24F4B85E1C998A8500A3AF4D /* Info.plist */ = {isa = PBXFileReference; lastKnownFileType = text.plist.xml; path = Info.plist; sourceTree = "<group>"; };
		24F4B8631C998A8500A3AF4D /* LoveFinderTests.xctest */ = {isa = PBXFileReference; explicitFileType = wrapper.cfbundle; includeInIndex = 0; path = LoveFinderTests.xctest; sourceTree = BUILT_PRODUCTS_DIR; };
		24F4B8671C998A8500A3AF4D /* LoveFinderTests.swift */ = {isa = PBXFileReference; lastKnownFileType = sourcecode.swift; path = LoveFinderTests.swift; sourceTree = "<group>"; };
		24F4B8691C998A8500A3AF4D /* Info.plist */ = {isa = PBXFileReference; lastKnownFileType = text.plist.xml; path = Info.plist; sourceTree = "<group>"; };
		24F4B86E1C998A8500A3AF4D /* LoveFinderUITests.xctest */ = {isa = PBXFileReference; explicitFileType = wrapper.cfbundle; includeInIndex = 0; path = LoveFinderUITests.xctest; sourceTree = BUILT_PRODUCTS_DIR; };
		24F4B8721C998A8500A3AF4D /* LoveFinderUITests.swift */ = {isa = PBXFileReference; lastKnownFileType = sourcecode.swift; path = LoveFinderUITests.swift; sourceTree = "<group>"; };
		24F4B8741C998A8500A3AF4D /* Info.plist */ = {isa = PBXFileReference; lastKnownFileType = text.plist.xml; path = Info.plist; sourceTree = "<group>"; };
/* End PBXFileReference section */

/* Begin PBXFrameworksBuildPhase section */
		24F4B84C1C998A8500A3AF4D /* Frameworks */ = {
			isa = PBXFrameworksBuildPhase;
			buildActionMask = 2147483647;
			files = (
			);
			runOnlyForDeploymentPostprocessing = 0;
		};
		24F4B8601C998A8500A3AF4D /* Frameworks */ = {
			isa = PBXFrameworksBuildPhase;
			buildActionMask = 2147483647;
			files = (
			);
			runOnlyForDeploymentPostprocessing = 0;
		};
		24F4B86B1C998A8500A3AF4D /* Frameworks */ = {
			isa = PBXFrameworksBuildPhase;
			buildActionMask = 2147483647;
			files = (
			);
			runOnlyForDeploymentPostprocessing = 0;
		};
/* End PBXFrameworksBuildPhase section */

/* Begin PBXGroup section */
		24F4B8461C998A8500A3AF4D = {
			isa = PBXGroup;
			children = (
				24F4B8511C998A8500A3AF4D /* LoveFinder */,
				24F4B8661C998A8500A3AF4D /* LoveFinderTests */,
				24F4B8711C998A8500A3AF4D /* LoveFinderUITests */,
				24F4B8501C998A8500A3AF4D /* Products */,
			);
			sourceTree = "<group>";
		};
		24F4B8501C998A8500A3AF4D /* Products */ = {
			isa = PBXGroup;
			children = (
				24F4B84F1C998A8500A3AF4D /* LoveFinder.app */,
				24F4B8631C998A8500A3AF4D /* LoveFinderTests.xctest */,
				24F4B86E1C998A8500A3AF4D /* LoveFinderUITests.xctest */,
			);
			name = Products;
			sourceTree = "<group>";
		};
		24F4B8511C998A8500A3AF4D /* LoveFinder */ = {
			isa = PBXGroup;
			children = (
				24F4B8521C998A8500A3AF4D /* AppDelegate.swift */,
				24F4B8541C998A8500A3AF4D /* ViewController.swift */,
				248BE87D1C99996A0064592C /* playground.playground */,
				24F4B8561C998A8500A3AF4D /* Main.storyboard */,
				24F4B8591C998A8500A3AF4D /* Assets.xcassets */,
				24F4B85B1C998A8500A3AF4D /* LaunchScreen.storyboard */,
				24F4B85E1C998A8500A3AF4D /* Info.plist */,
			);
			path = LoveFinder;
			sourceTree = "<group>";
		};
		24F4B8661C998A8500A3AF4D /* LoveFinderTests */ = {
			isa = PBXGroup;
			children = (
				24F4B8671C998A8500A3AF4D /* LoveFinderTests.swift */,
				24F4B8691C998A8500A3AF4D /* Info.plist */,
			);
			path = LoveFinderTests;
			sourceTree = "<group>";
		};
		24F4B8711C998A8500A3AF4D /* LoveFinderUITests */ = {
			isa = PBXGroup;
			children = (
				24F4B8721C998A8500A3AF4D /* LoveFinderUITests.swift */,
				24F4B8741C998A8500A3AF4D /* Info.plist */,
			);
			path = LoveFinderUITests;
			sourceTree = "<group>";
		};
/* End PBXGroup section */

/* Begin PBXNativeTarget section */
		24F4B84E1C998A8500A3AF4D /* LoveFinder */ = {
			isa = PBXNativeTarget;
			buildConfigurationList = 24F4B8771C998A8500A3AF4D /* Build configuration list for PBXNativeTarget "LoveFinder" */;
			buildPhases = (
				24F4B84B1C998A8500A3AF4D /* Sources */,
				24F4B84C1C998A8500A3AF4D /* Frameworks */,
				24F4B84D1C998A8500A3AF4D /* Resources */,
			);
			buildRules = (
			);
			dependencies = (
			);
			name = LoveFinder;
			productName = LoveFinder;
			productReference = 24F4B84F1C998A8500A3AF4D /* LoveFinder.app */;
			productType = "com.apple.product-type.application";
		};
		24F4B8621C998A8500A3AF4D /* LoveFinderTests */ = {
			isa = PBXNativeTarget;
			buildConfigurationList = 24F4B87A1C998A8500A3AF4D /* Build configuration list for PBXNativeTarget "LoveFinderTests" */;
			buildPhases = (
				24F4B85F1C998A8500A3AF4D /* Sources */,
				24F4B8601C998A8500A3AF4D /* Frameworks */,
				24F4B8611C998A8500A3AF4D /* Resources */,
			);
			buildRules = (
			);
			dependencies = (
				24F4B8651C998A8500A3AF4D /* PBXTargetDependency */,
			);
			name = LoveFinderTests;
			productName = LoveFinderTests;
			productReference = 24F4B8631C998A8500A3AF4D /* LoveFinderTests.xctest */;
			productType = "com.apple.product-type.bundle.unit-test";
		};
		24F4B86D1C998A8500A3AF4D /* LoveFinderUITests */ = {
			isa = PBXNativeTarget;
			buildConfigurationList = 24F4B87D1C998A8500A3AF4D /* Build configuration list for PBXNativeTarget "LoveFinderUITests" */;
			buildPhases = (
				24F4B86A1C998A8500A3AF4D /* Sources */,
				24F4B86B1C998A8500A3AF4D /* Frameworks */,
				24F4B86C1C998A8500A3AF4D /* Resources */,
			);
			buildRules = (
			);
			dependencies = (
				24F4B8701C998A8500A3AF4D /* PBXTargetDependency */,
			);
			name = LoveFinderUITests;
			productName = LoveFinderUITests;
			productReference = 24F4B86E1C998A8500A3AF4D /* LoveFinderUITests.xctest */;
			productType = "com.apple.product-type.bundle.ui-testing";
		};
/* End PBXNativeTarget section */

/* Begin PBXProject section */
		24F4B8471C998A8500A3AF4D /* Project object */ = {
			isa = PBXProject;
			attributes = {
				LastSwiftUpdateCheck = 0720;
				LastUpgradeCheck = 0720;
				ORGANIZATIONNAME = yap;
				TargetAttributes = {
					24F4B84E1C998A8500A3AF4D = {
						CreatedOnToolsVersion = 7.2.1;
					};
					24F4B8621C998A8500A3AF4D = {
						CreatedOnToolsVersion = 7.2.1;
						TestTargetID = 24F4B84E1C998A8500A3AF4D;
					};
					24F4B86D1C998A8500A3AF4D = {
						CreatedOnToolsVersion = 7.2.1;
						TestTargetID = 24F4B84E1C998A8500A3AF4D;
					};
				};
			};
			buildConfigurationList = 24F4B84A1C998A8500A3AF4D /* Build configuration list for PBXProject "LoveFinder" */;
			compatibilityVersion = "Xcode 3.2";
			developmentRegion = English;
			hasScannedForEncodings = 0;
			knownRegions = (
				en,
				Base,
			);
			mainGroup = 24F4B8461C998A8500A3AF4D;
			productRefGroup = 24F4B8501C998A8500A3AF4D /* Products */;
			projectDirPath = "";
			projectRoot = "";
			targets = (
				24F4B84E1C998A8500A3AF4D /* LoveFinder */,
				24F4B8621C998A8500A3AF4D /* LoveFinderTests */,
				24F4B86D1C998A8500A3AF4D /* LoveFinderUITests */,
			);
		};
/* End PBXProject section */

/* Begin PBXResourcesBuildPhase section */
		24F4B84D1C998A8500A3AF4D /* Resources */ = {
			isa = PBXResourcesBuildPhase;
			buildActionMask = 2147483647;
			files = (
				24F4B85D1C998A8500A3AF4D /* LaunchScreen.storyboard in Resources */,
				24F4B85A1C998A8500A3AF4D /* Assets.xcassets in Resources */,
				24F4B8581C998A8500A3AF4D /* Main.storyboard in Resources */,
			);
			runOnlyForDeploymentPostprocessing = 0;
		};
		24F4B8611C998A8500A3AF4D /* Resources */ = {
			isa = PBXResourcesBuildPhase;
			buildActionMask = 2147483647;
			files = (
			);
			runOnlyForDeploymentPostprocessing = 0;
		};
		24F4B86C1C998A8500A3AF4D /* Resources */ = {
			isa = PBXResourcesBuildPhase;
			buildActionMask = 2147483647;
			files = (
			);
			runOnlyForDeploymentPostprocessing = 0;
		};
/* End PBXResourcesBuildPhase section */

/* Begin PBXSourcesBuildPhase section */
		24F4B84B1C998A8500A3AF4D /* Sources */ = {
			isa = PBXSourcesBuildPhase;
			buildActionMask = 2147483647;
			files = (
				24F4B8551C998A8500A3AF4D /* ViewController.swift in Sources */,
				24F4B8531C998A8500A3AF4D /* AppDelegate.swift in Sources */,
			);
			runOnlyForDeploymentPostprocessing = 0;
		};
		24F4B85F1C998A8500A3AF4D /* Sources */ = {
			isa = PBXSourcesBuildPhase;
			buildActionMask = 2147483647;
			files = (
				24F4B8681C998A8500A3AF4D /* LoveFinderTests.swift in Sources */,
			);
			runOnlyForDeploymentPostprocessing = 0;
		};
		24F4B86A1C998A8500A3AF4D /* Sources */ = {
			isa = PBXSourcesBuildPhase;
			buildActionMask = 2147483647;
			files = (
				24F4B8731C998A8500A3AF4D /* LoveFinderUITests.swift in Sources */,
			);
			runOnlyForDeploymentPostprocessing = 0;
		};
/* End PBXSourcesBuildPhase section */

/* Begin PBXTargetDependency section */
		24F4B8651C998A8500A3AF4D /* PBXTargetDependency */ = {
			isa = PBXTargetDependency;
			target = 24F4B84E1C998A8500A3AF4D /* LoveFinder */;
			targetProxy = 24F4B8641C998A8500A3AF4D /* PBXContainerItemProxy */;
		};
		24F4B8701C998A8500A3AF4D /* PBXTargetDependency */ = {
			isa = PBXTargetDependency;
			target = 24F4B84E1C998A8500A3AF4D /* LoveFinder */;
			targetProxy = 24F4B86F1C998A8500A3AF4D /* PBXContainerItemProxy */;
		};
/* End PBXTargetDependency section */

/* Begin PBXVariantGroup section */
		24F4B8561C998A8500A3AF4D /* Main.storyboard */ = {
			isa = PBXVariantGroup;
			children = (
				24F4B8571C998A8500A3AF4D /* Base */,
			);
			name = Main.storyboard;
			sourceTree = "<group>";
		};
		24F4B85B1C998A8500A3AF4D /* LaunchScreen.storyboard */ = {
			isa = PBXVariantGroup;
			children = (
				24F4B85C1C998A8500A3AF4D /* Base */,
			);
			name = LaunchScreen.storyboard;
			sourceTree = "<group>";
		};
/* End PBXVariantGroup section */

/* Begin XCBuildConfiguration section */
		24F4B8751C998A8500A3AF4D /* Debug */ = {
			isa = XCBuildConfiguration;
			buildSettings = {
				ALWAYS_SEARCH_USER_PATHS = NO;
				CLANG_CXX_LANGUAGE_STANDARD = "gnu++0x";
				CLANG_CXX_LIBRARY = "libc++";
				CLANG_ENABLE_MODULES = YES;
				CLANG_ENABLE_OBJC_ARC = YES;
				CLANG_WARN_BOOL_CONVERSION = YES;
				CLANG_WARN_CONSTANT_CONVERSION = YES;
				CLANG_WARN_DIRECT_OBJC_ISA_USAGE = YES_ERROR;
				CLANG_WARN_EMPTY_BODY = YES;
				CLANG_WARN_ENUM_CONVERSION = YES;
				CLANG_WARN_INT_CONVERSION = YES;
				CLANG_WARN_OBJC_ROOT_CLASS = YES_ERROR;
				CLANG_WARN_UNREACHABLE_CODE = YES;
				CLANG_WARN__DUPLICATE_METHOD_MATCH = YES;
				"CODE_SIGN_IDENTITY[sdk=iphoneos*]" = "iPhone Developer";
				COPY_PHASE_STRIP = NO;
				DEBUG_INFORMATION_FORMAT = dwarf;
				ENABLE_STRICT_OBJC_MSGSEND = YES;
				ENABLE_TESTABILITY = YES;
				GCC_C_LANGUAGE_STANDARD = gnu99;
				GCC_DYNAMIC_NO_PIC = NO;
				GCC_NO_COMMON_BLOCKS = YES;
				GCC_OPTIMIZATION_LEVEL = 0;
				GCC_PREPROCESSOR_DEFINITIONS = (
					"DEBUG=1",
					"$(inherited)",
				);
				GCC_WARN_64_TO_32_BIT_CONVERSION = YES;
				GCC_WARN_ABOUT_RETURN_TYPE = YES_ERROR;
				GCC_WARN_UNDECLARED_SELECTOR = YES;
				GCC_WARN_UNINITIALIZED_AUTOS = YES_AGGRESSIVE;
				GCC_WARN_UNUSED_FUNCTION = YES;
				GCC_WARN_UNUSED_VARIABLE = YES;
				IPHONEOS_DEPLOYMENT_TARGET = 9.2;
				MTL_ENABLE_DEBUG_INFO = YES;
				ONLY_ACTIVE_ARCH = YES;
				SDKROOT = iphoneos;
				SWIFT_OPTIMIZATION_LEVEL = "-Onone";
			};
			name = Debug;
		};
		24F4B8761C998A8500A3AF4D /* Release */ = {
			isa = XCBuildConfiguration;
			buildSettings = {
				ALWAYS_SEARCH_USER_PATHS = NO;
				CLANG_CXX_LANGUAGE_STANDARD = "gnu++0x";
				CLANG_CXX_LIBRARY = "libc++";
				CLANG_ENABLE_MODULES = YES;
				CLANG_ENABLE_OBJC_ARC = YES;
				CLANG_WARN_BOOL_CONVERSION = YES;
				CLANG_WARN_CONSTANT_CONVERSION = YES;
				CLANG_WARN_DIRECT_OBJC_ISA_USAGE = YES_ERROR;
				CLANG_WARN_EMPTY_BODY = YES;
				CLANG_WARN_ENUM_CONVERSION = YES;
				CLANG_WARN_INT_CONVERSION = YES;
				CLANG_WARN_OBJC_ROOT_CLASS = YES_ERROR;
				CLANG_WARN_UNREACHABLE_CODE = YES;
				CLANG_WARN__DUPLICATE_METHOD_MATCH = YES;
				"CODE_SIGN_IDENTITY[sdk=iphoneos*]" = "iPhone Developer";
				COPY_PHASE_STRIP = NO;
				DEBUG_INFORMATION_FORMAT = "dwarf-with-dsym";
				ENABLE_NS_ASSERTIONS = NO;
				ENABLE_STRICT_OBJC_MSGSEND = YES;
				GCC_C_LANGUAGE_STANDARD = gnu99;
				GCC_NO_COMMON_BLOCKS = YES;
				GCC_WARN_64_TO_32_BIT_CONVERSION = YES;
				GCC_WARN_ABOUT_RETURN_TYPE = YES_ERROR;
				GCC_WARN_UNDECLARED_SELECTOR = YES;
				GCC_WARN_UNINITIALIZED_AUTOS = YES_AGGRESSIVE;
				GCC_WARN_UNUSED_FUNCTION = YES;
				GCC_WARN_UNUSED_VARIABLE = YES;
				IPHONEOS_DEPLOYMENT_TARGET = 9.2;
				MTL_ENABLE_DEBUG_INFO = NO;
				SDKROOT = iphoneos;
				VALIDATE_PRODUCT = YES;
			};
			name = Release;
		};
		24F4B8781C998A8500A3AF4D /* Debug */ = {
			isa = XCBuildConfiguration;
			buildSettings = {
				ASSETCATALOG_COMPILER_APPICON_NAME = AppIcon;
				INFOPLIST_FILE = LoveFinder/Info.plist;
				LD_RUNPATH_SEARCH_PATHS = "$(inherited) @executable_path/Frameworks";
				PRODUCT_BUNDLE_IDENTIFIER = com.yap.LoveFinder;
				PRODUCT_NAME = "$(TARGET_NAME)";
			};
			name = Debug;
		};
		24F4B8791C998A8500A3AF4D /* Release */ = {
			isa = XCBuildConfiguration;
			buildSettings = {
				ASSETCATALOG_COMPILER_APPICON_NAME = AppIcon;
				INFOPLIST_FILE = LoveFinder/Info.plist;
				LD_RUNPATH_SEARCH_PATHS = "$(inherited) @executable_path/Frameworks";
				PRODUCT_BUNDLE_IDENTIFIER = com.yap.LoveFinder;
				PRODUCT_NAME = "$(TARGET_NAME)";
			};
			name = Release;
		};
		24F4B87B1C998A8500A3AF4D /* Debug */ = {
			isa = XCBuildConfiguration;
			buildSettings = {
				BUNDLE_LOADER = "$(TEST_HOST)";
				INFOPLIST_FILE = LoveFinderTests/Info.plist;
				LD_RUNPATH_SEARCH_PATHS = "$(inherited) @executable_path/Frameworks @loader_path/Frameworks";
				PRODUCT_BUNDLE_IDENTIFIER = com.yap.LoveFinderTests;
				PRODUCT_NAME = "$(TARGET_NAME)";
				TEST_HOST = "$(BUILT_PRODUCTS_DIR)/LoveFinder.app/LoveFinder";
			};
			name = Debug;
		};
		24F4B87C1C998A8500A3AF4D /* Release */ = {
			isa = XCBuildConfiguration;
			buildSettings = {
				BUNDLE_LOADER = "$(TEST_HOST)";
				INFOPLIST_FILE = LoveFinderTests/Info.plist;
				LD_RUNPATH_SEARCH_PATHS = "$(inherited) @executable_path/Frameworks @loader_path/Frameworks";
				PRODUCT_BUNDLE_IDENTIFIER = com.yap.LoveFinderTests;
				PRODUCT_NAME = "$(TARGET_NAME)";
				TEST_HOST = "$(BUILT_PRODUCTS_DIR)/LoveFinder.app/LoveFinder";
			};
			name = Release;
		};
		24F4B87E1C998A8500A3AF4D /* Debug */ = {
			isa = XCBuildConfiguration;
			buildSettings = {
				INFOPLIST_FILE = LoveFinderUITests/Info.plist;
				LD_RUNPATH_SEARCH_PATHS = "$(inherited) @executable_path/Frameworks @loader_path/Frameworks";
				PRODUCT_BUNDLE_IDENTIFIER = com.yap.LoveFinderUITests;
				PRODUCT_NAME = "$(TARGET_NAME)";
				TEST_TARGET_NAME = LoveFinder;
				USES_XCTRUNNER = YES;
			};
			name = Debug;
		};
		24F4B87F1C998A8500A3AF4D /* Release */ = {
			isa = XCBuildConfiguration;
			buildSettings = {
				INFOPLIST_FILE = LoveFinderUITests/Info.plist;
				LD_RUNPATH_SEARCH_PATHS = "$(inherited) @executable_path/Frameworks @loader_path/Frameworks";
				PRODUCT_BUNDLE_IDENTIFIER = com.yap.LoveFinderUITests;
				PRODUCT_NAME = "$(TARGET_NAME)";
				TEST_TARGET_NAME = LoveFinder;
				USES_XCTRUNNER = YES;
			};
			name = Release;
		};
/* End XCBuildConfiguration section */

/* Begin XCConfigurationList section */
		24F4B84A1C998A8500A3AF4D /* Build configuration list for PBXProject "LoveFinder" */ = {
			isa = XCConfigurationList;
			buildConfigurations = (
				24F4B8751C998A8500A3AF4D /* Debug */,
				24F4B8761C998A8500A3AF4D /* Release */,
			);
			defaultConfigurationIsVisible = 0;
			defaultConfigurationName = Release;
		};
		24F4B8771C998A8500A3AF4D /* Build configuration list for PBXNativeTarget "LoveFinder" */ = {
			isa = XCConfigurationList;
			buildConfigurations = (
				24F4B8781C998A8500A3AF4D /* Debug */,
				24F4B8791C998A8500A3AF4D /* Release */,
			);
			defaultConfigurationIsVisible = 0;
			defaultConfigurationName = Release;
		};
		24F4B87A1C998A8500A3AF4D /* Build configuration list for PBXNativeTarget "LoveFinderTests" */ = {
			isa = XCConfigurationList;
			buildConfigurations = (
				24F4B87B1C998A8500A3AF4D /* Debug */,
				24F4B87C1C998A8500A3AF4D /* Release */,
			);
			defaultConfigurationIsVisible = 0;
			defaultConfigurationName = Release;
		};
		24F4B87D1C998A8500A3AF4D /* Build configuration list for PBXNativeTarget "LoveFinderUITests" */ = {
			isa = XCConfigurationList;
			buildConfigurations = (
				24F4B87E1C998A8500A3AF4D /* Debug */,
				24F4B87F1C998A8500A3AF4D /* Release */,
			);
			defaultConfigurationIsVisible = 0;
			defaultConfigurationName = Release;
		};
/* End XCConfigurationList section */
	};
	rootObject = 24F4B8471C998A8500A3AF4D /* Project object */;
}
